# THIS IS AN AUTOGENERATED FILE. DO NOT EDIT THIS FILE DIRECTLY.
# yarn lockfile v1


"@types/k6@^0.36.0":
  version "0.36.0"
  resolved "https://registry.yarnpkg.com/@types/k6/-/k6-0.36.0.tgz#9e8b01bef7e5d41f897de7a5a9c15955a882aff5"
  integrity sha512-VyPK2Nl4CeQ6MPcwt6pev0knT+2XeN0fsu+o/okPYpnMttyTmAzqU7r+1qnYzdLm7pfU5z2Rtd40aRgRiLAh5A==

prettier@^2.5.1:
  version "2.5.1"
  resolved "https://registry.yarnpkg.com/prettier/-/prettier-2.5.1.tgz#fff75fa9d519c54cf0fce328c1017d94546bc56a"
  integrity sha512-vBZcPRUR5MZJwoyi3ZoyQlc1rXeEck8KgeC9AwwOn+exuxLxq5toTRDTSaVrXHxelDMHy9zlicw8u66yxoSUFg==
